// !$*UTF8*$!
{
	archiveVersion = 1;
	classes = {
	};
	objectVersion = 55;
	objects = {

/* Begin PBXBuildFile section */
		394BA83D27E55EAE0087F72A /* Mysql_CRUD_OperationsApp.swift in Sources */ = {isa = PBXBuildFile; fileRef = 394BA83C27E55EAE0087F72A /* Mysql_CRUD_OperationsApp.swift */; };
		394BA83F27E55EAE0087F72A /* ContentView.swift in Sources */ = {isa = PBXBuildFile; fileRef = 394BA83E27E55EAE0087F72A /* ContentView.swift */; };
		394BA84127E55EB00087F72A /* Assets.xcassets in Resources */ = {isa = PBXBuildFile; fileRef = 394BA84027E55EB00087F72A /* Assets.xcassets */; };
		394BA84427E55EB00087F72A /* Preview Assets.xcassets in Resources */ = {isa = PBXBuildFile; fileRef = 394BA84327E55EB00087F72A /* Preview Assets.xcassets */; };
		394BA84E27E55EB00087F72A /* Mysql_CRUD_OperationsTests.swift in Sources */ = {isa = PBXBuildFile; fileRef = 394BA84D27E55EB00087F72A /* Mysql_CRUD_OperationsTests.swift */; };
		394BA85827E55EB00087F72A /* Mysql_CRUD_OperationsUITests.swift in Sources */ = {isa = PBXBuildFile; fileRef = 394BA85727E55EB00087F72A /* Mysql_CRUD_OperationsUITests.swift */; };
		394BA85A27E55EB00087F72A /* Mysql_CRUD_OperationsUITestsLaunchTests.swift in Sources */ = {isa = PBXBuildFile; fileRef = 394BA85927E55EB00087F72A /* Mysql_CRUD_OperationsUITestsLaunchTests.swift */; };
		394BA86727E55FDC0087F72A /* Models.swift in Sources */ = {isa = PBXBuildFile; fileRef = 394BA86627E55FDC0087F72A /* Models.swift */; };
		394BA86927E561250087F72A /* ViewModel.swift in Sources */ = {isa = PBXBuildFile; fileRef = 394BA86827E561250087F72A /* ViewModel.swift */; };
		394BA86B27E5757E0087F72A /* NewProjectView.swift in Sources */ = {isa = PBXBuildFile; fileRef = 394BA86A27E5757E0087F72A /* NewProjectView.swift */; };
		394BA86F27E57F9B0087F72A /* ProjectDetail.swift in Sources */ = {isa = PBXBuildFile; fileRef = 394BA86E27E57F9B0087F72A /* ProjectDetail.swift */; };
/* End PBXBuildFile section */

/* Begin PBXContainerItemProxy section */
		394BA84A27E55EB00087F72A /* PBXContainerItemProxy */ = {
			isa = PBXContainerItemProxy;
			containerPortal = 394BA83127E55EAE0087F72A /* Project object */;
			proxyType = 1;
			remoteGlobalIDString = 394BA83827E55EAE0087F72A;
			remoteInfo = "Mysql-CRUD-Operations";
		};
		394BA85427E55EB00087F72A /* PBXContainerItemProxy */ = {
			isa = PBXContainerItemProxy;
			containerPortal = 394BA83127E55EAE0087F72A /* Project object */;
			proxyType = 1;
			remoteGlobalIDString = 394BA83827E55EAE0087F72A;
			remoteInfo = "Mysql-CRUD-Operations";
		};
/* End PBXContainerItemProxy section */

/* Begin PBXFileReference section */
		393764C027E58B0000D9A541 /* Info.plist */ = {isa = PBXFileReference; lastKnownFileType = text.plist; path = Info.plist; sourceTree = "<group>"; };
		394BA83927E55EAE0087F72A /* Mysql-CRUD-Operations.app */ = {isa = PBXFileReference; explicitFileType = wrapper.application; includeInIndex = 0; path = "Mysql-CRUD-Operations.app"; sourceTree = BUILT_PRODUCTS_DIR; };
		394BA83C27E55EAE0087F72A /* Mysql_CRUD_OperationsApp.swift */ = {isa = PBXFileReference; lastKnownFileType = sourcecode.swift; path = Mysql_CRUD_OperationsApp.swift; sourceTree = "<group>"; };
		394BA83E27E55EAE0087F72A /* ContentView.swift */ = {isa = PBXFileReference; lastKnownFileType = sourcecode.swift; path = ContentView.swift; sourceTree = "<group>"; };
		394BA84027E55EB00087F72A /* Assets.xcassets */ = {isa = PBXFileReference; lastKnownFileType = folder.assetcatalog; path = Assets.xcassets; sourceTree = "<group>"; };
		394BA84327E55EB00087F72A /* Preview Assets.xcassets */ = {isa = PBXFileReference; lastKnownFileType = folder.assetcatalog; path = "Preview Assets.xcassets"; sourceTree = "<group>"; };
		394BA84927E55EB00087F72A /* Mysql-CRUD-OperationsTests.xctest */ = {isa = PBXFileReference; explicitFileType = wrapper.cfbundle; includeInIndex = 0; path = "Mysql-CRUD-OperationsTests.xctest"; sourceTree = BUILT_PRODUCTS_DIR; };
		394BA84D27E55EB00087F72A /* Mysql_CRUD_OperationsTests.swift */ = {isa = PBXFileReference; lastKnownFileType = sourcecode.swift; path = Mysql_CRUD_OperationsTests.swift; sourceTree = "<group>"; };
		394BA85327E55EB00087F72A /* Mysql-CRUD-OperationsUITests.xctest */ = {isa = PBXFileReference; explicitFileType = wrapper.cfbundle; includeInIndex = 0; path = "Mysql-CRUD-OperationsUITests.xctest"; sourceTree = BUILT_PRODUCTS_DIR; };
		394BA85727E55EB00087F72A /* Mysql_CRUD_OperationsUITests.swift */ = {isa = PBXFileReference; lastKnownFileType = sourcecode.swift; path = Mysql_CRUD_OperationsUITests.swift; sourceTree = "<group>"; };
		394BA85927E55EB00087F72A /* Mysql_CRUD_OperationsUITestsLaunchTests.swift */ = {isa = PBXFileReference; lastKnownFileType = sourcecode.swift; path = Mysql_CRUD_OperationsUITestsLaunchTests.swift; sourceTree = "<group>"; };
		394BA86627E55FDC0087F72A /* Models.swift */ = {isa = PBXFileReference; lastKnownFileType = sourcecode.swift; path = Models.swift; sourceTree = "<group>"; };
		394BA86827E561250087F72A /* ViewModel.swift */ = {isa = PBXFileReference; lastKnownFileType = sourcecode.swift; path = ViewModel.swift; sourceTree = "<group>"; };
		394BA86A27E5757E0087F72A /* NewProjectView.swift */ = {isa = PBXFileReference; lastKnownFileType = sourcecode.swift; path = NewProjectView.swift; sourceTree = "<group>"; };
		394BA86E27E57F9B0087F72A /* ProjectDetail.swift */ = {isa = PBXFileReference; lastKnownFileType = sourcecode.swift; path = ProjectDetail.swift; sourceTree = "<group>"; };
/* End PBXFileReference section */

/* Begin PBXFrameworksBuildPhase section */
		394BA83627E55EAE0087F72A /* Frameworks */ = {
			isa = PBXFrameworksBuildPhase;
			buildActionMask = 2147483647;
			files = (
			);
			runOnlyForDeploymentPostprocessing = 0;
		};
		394BA84627E55EB00087F72A /* Frameworks */ = {
			isa = PBXFrameworksBuildPhase;
			buildActionMask = 2147483647;
			files = (
			);
			runOnlyForDeploymentPostprocessing = 0;
		};
		394BA85027E55EB00087F72A /* Frameworks */ = {
			isa = PBXFrameworksBuildPhase;
			buildActionMask = 2147483647;
			files = (
			);
			runOnlyForDeploymentPostprocessing = 0;
		};
/* End PBXFrameworksBuildPhase section */

/* Begin PBXGroup section */
		394BA83027E55EAE0087F72A = {
			isa = PBXGroup;
			children = (
				394BA83B27E55EAE0087F72A /* Mysql-CRUD-Operations */,
				394BA84C27E55EB00087F72A /* Mysql-CRUD-OperationsTests */,
				394BA85627E55EB00087F72A /* Mysql-CRUD-OperationsUITests */,
				394BA83A27E55EAE0087F72A /* Products */,
			);
			sourceTree = "<group>";
		};
		394BA83A27E55EAE0087F72A /* Products */ = {
			isa = PBXGroup;
			children = (
				394BA83927E55EAE0087F72A /* Mysql-CRUD-Operations.app */,
				394BA84927E55EB00087F72A /* Mysql-CRUD-OperationsTests.xctest */,
				394BA85327E55EB00087F72A /* Mysql-CRUD-OperationsUITests.xctest */,
			);
			name = Products;
			sourceTree = "<group>";
		};
		394BA83B27E55EAE0087F72A /* Mysql-CRUD-Operations */ = {
			isa = PBXGroup;
			children = (
				393764C027E58B0000D9A541 /* Info.plist */,
				394BA83C27E55EAE0087F72A /* Mysql_CRUD_OperationsApp.swift */,
				394BA83E27E55EAE0087F72A /* ContentView.swift */,
				394BA86E27E57F9B0087F72A /* ProjectDetail.swift */,
				394BA86A27E5757E0087F72A /* NewProjectView.swift */,
				394BA86627E55FDC0087F72A /* Models.swift */,
				394BA86827E561250087F72A /* ViewModel.swift */,
				394BA84027E55EB00087F72A /* Assets.xcassets */,
				394BA84227E55EB00087F72A /* Preview Content */,
			);
			path = "Mysql-CRUD-Operations";
			sourceTree = "<group>";
		};
		394BA84227E55EB00087F72A /* Preview Content */ = {
			isa = PBXGroup;
			children = (
				394BA84327E55EB00087F72A /* Preview Assets.xcassets */,
			);
			path = "Preview Content";
			sourceTree = "<group>";
		};
		394BA84C27E55EB00087F72A /* Mysql-CRUD-OperationsTests */ = {
			isa = PBXGroup;
			children = (
				394BA84D27E55EB00087F72A /* Mysql_CRUD_OperationsTests.swift */,
			);
			path = "Mysql-CRUD-OperationsTests";
			sourceTree = "<group>";
		};
		394BA85627E55EB00087F72A /* Mysql-CRUD-OperationsUITests */ = {
			isa = PBXGroup;
			children = (
				394BA85727E55EB00087F72A /* Mysql_CRUD_OperationsUITests.swift */,
				394BA85927E55EB00087F72A /* Mysql_CRUD_OperationsUITestsLaunchTests.swift */,
			);
			path = "Mysql-CRUD-OperationsUITests";
			sourceTree = "<group>";
		};
/* End PBXGroup section */

/* Begin PBXNativeTarget section */
		394BA83827E55EAE0087F72A /* Mysql-CRUD-Operations */ = {
			isa = PBXNativeTarget;
			buildConfigurationList = 394BA85D27E55EB00087F72A /* Build configuration list for PBXNativeTarget "Mysql-CRUD-Operations" */;
			buildPhases = (
				394BA83527E55EAE0087F72A /* Sources */,
				394BA83627E55EAE0087F72A /* Frameworks */,
				394BA83727E55EAE0087F72A /* Resources */,
			);
			buildRules = (
			);
			dependencies = (
			);
			name = "Mysql-CRUD-Operations";
			productName = "Mysql-CRUD-Operations";
			productReference = 394BA83927E55EAE0087F72A /* Mysql-CRUD-Operations.app */;
			productType = "com.apple.product-type.application";
		};
		394BA84827E55EB00087F72A /* Mysql-CRUD-OperationsTests */ = {
			isa = PBXNativeTarget;
			buildConfigurationList = 394BA86027E55EB00087F72A /* Build configuration list for PBXNativeTarget "Mysql-CRUD-OperationsTests" */;
			buildPhases = (
				394BA84527E55EB00087F72A /* Sources */,
				394BA84627E55EB00087F72A /* Frameworks */,
				394BA84727E55EB00087F72A /* Resources */,
			);
			buildRules = (
			);
			dependencies = (
				394BA84B27E55EB00087F72A /* PBXTargetDependency */,
			);
			name = "Mysql-CRUD-OperationsTests";
			productName = "Mysql-CRUD-OperationsTests";
			productReference = 394BA84927E55EB00087F72A /* Mysql-CRUD-OperationsTests.xctest */;
			productType = "com.apple.product-type.bundle.unit-test";
		};
		394BA85227E55EB00087F72A /* Mysql-CRUD-OperationsUITests */ = {
			isa = PBXNativeTarget;
			buildConfigurationList = 394BA86327E55EB00087F72A /* Build configuration list for PBXNativeTarget "Mysql-CRUD-OperationsUITests" */;
			buildPhases = (
				394BA84F27E55EB00087F72A /* Sources */,
				394BA85027E55EB00087F72A /* Frameworks */,
				394BA85127E55EB00087F72A /* Resources */,
			);
			buildRules = (
			);
			dependencies = (
				394BA85527E55EB00087F72A /* PBXTargetDependency */,
			);
			name = "Mysql-CRUD-OperationsUITests";
			productName = "Mysql-CRUD-OperationsUITests";
			productReference = 394BA85327E55EB00087F72A /* Mysql-CRUD-OperationsUITests.xctest */;
			productType = "com.apple.product-type.bundle.ui-testing";
		};
/* End PBXNativeTarget section */

/* Begin PBXProject section */
		394BA83127E55EAE0087F72A /* Project object */ = {
			isa = PBXProject;
			attributes = {
				BuildIndependentTargetsInParallel = 1;
				LastSwiftUpdateCheck = 1310;
				LastUpgradeCheck = 1310;
				TargetAttributes = {
					394BA83827E55EAE0087F72A = {
						CreatedOnToolsVersion = 13.1;
					};
					394BA84827E55EB00087F72A = {
						CreatedOnToolsVersion = 13.1;
						TestTargetID = 394BA83827E55EAE0087F72A;
					};
					394BA85227E55EB00087F72A = {
						CreatedOnToolsVersion = 13.1;
						TestTargetID = 394BA83827E55EAE0087F72A;
					};
				};
			};
			buildConfigurationList = 394BA83427E55EAE0087F72A /* Build configuration list for PBXProject "Mysql-CRUD-Operations" */;
			compatibilityVersion = "Xcode 13.0";
			developmentRegion = en;
			hasScannedForEncodings = 0;
			knownRegions = (
				en,
				Base,
			);
			mainGroup = 394BA83027E55EAE0087F72A;
			productRefGroup = 394BA83A27E55EAE0087F72A /* Products */;
			projectDirPath = "";
			projectRoot = "";
			targets = (
				394BA83827E55EAE0087F72A /* Mysql-CRUD-Operations */,
				394BA84827E55EB00087F72A /* Mysql-CRUD-OperationsTests */,
				394BA85227E55EB00087F72A /* Mysql-CRUD-OperationsUITests */,
			);
		};
/* End PBXProject section */

/* Begin PBXResourcesBuildPhase section */
		394BA83727E55EAE0087F72A /* Resources */ = {
			isa = PBXResourcesBuildPhase;
			buildActionMask = 2147483647;
			files = (
				394BA84427E55EB00087F72A /* Preview Assets.xcassets in Resources */,
				394BA84127E55EB00087F72A /* Assets.xcassets in Resources */,
			);
			runOnlyForDeploymentPostprocessing = 0;
		};
		394BA84727E55EB00087F72A /* Resources */ = {
			isa = PBXResourcesBuildPhase;
			buildActionMask = 2147483647;
			files = (
			);
			runOnlyForDeploymentPostprocessing = 0;
		};
		394BA85127E55EB00087F72A /* Resources */ = {
			isa = PBXResourcesBuildPhase;
			buildActionMask = 2147483647;
			files = (
			);
			runOnlyForDeploymentPostprocessing = 0;
		};
/* End PBXResourcesBuildPhase section */

/* Begin PBXSourcesBuildPhase section */
		394BA83527E55EAE0087F72A /* Sources */ = {
			isa = PBXSourcesBuildPhase;
			buildActionMask = 2147483647;
			files = (
				394BA86727E55FDC0087F72A /* Models.swift in Sources */,
				394BA86B27E5757E0087F72A /* NewProjectView.swift in Sources */,
				394BA86F27E57F9B0087F72A /* ProjectDetail.swift in Sources */,
				394BA83F27E55EAE0087F72A /* ContentView.swift in Sources */,
				394BA86927E561250087F72A /* ViewModel.swift in Sources */,
				394BA83D27E55EAE0087F72A /* Mysql_CRUD_OperationsApp.swift in Sources */,
			);
			runOnlyForDeploymentPostprocessing = 0;
		};
		394BA84527E55EB00087F72A /* Sources */ = {
			isa = PBXSourcesBuildPhase;
			buildActionMask = 2147483647;
			files = (
				394BA84E27E55EB00087F72A /* Mysql_CRUD_OperationsTests.swift in Sources */,
			);
			runOnlyForDeploymentPostprocessing = 0;
		};
		394BA84F27E55EB00087F72A /* Sources */ = {
			isa = PBXSourcesBuildPhase;
			buildActionMask = 2147483647;
			files = (
				394BA85827E55EB00087F72A /* Mysql_CRUD_OperationsUITests.swift in Sources */,
				394BA85A27E55EB00087F72A /* Mysql_CRUD_OperationsUITestsLaunchTests.swift in Sources */,
			);
			runOnlyForDeploymentPostprocessing = 0;
		};
/* End PBXSourcesBuildPhase section */

/* Begin PBXTargetDependency section */
		394BA84B27E55EB00087F72A /* PBXTargetDependency */ = {
			isa = PBXTargetDependency;
			target = 394BA83827E55EAE0087F72A /* Mysql-CRUD-Operations */;
			targetProxy = 394BA84A27E55EB00087F72A /* PBXContainerItemProxy */;
		};
		394BA85527E55EB00087F72A /* PBXTargetDependency */ = {
			isa = PBXTargetDependency;
			target = 394BA83827E55EAE0087F72A /* Mysql-CRUD-Operations */;
			targetProxy = 394BA85427E55EB00087F72A /* PBXContainerItemProxy */;
		};
/* End PBXTargetDependency section */

/* Begin XCBuildConfiguration section */
		394BA85B27E55EB00087F72A /* Debug */ = {
			isa = XCBuildConfiguration;
			buildSettings = {
				ALWAYS_SEARCH_USER_PATHS = NO;
				CLANG_ANALYZER_NONNULL = YES;
				CLANG_ANALYZER_NUMBER_OBJECT_CONVERSION = YES_AGGRESSIVE;
				CLANG_CXX_LANGUAGE_STANDARD = "gnu++17";
				CLANG_CXX_LIBRARY = "libc++";
				CLANG_ENABLE_MODULES = YES;
				CLANG_ENABLE_OBJC_ARC = YES;
				CLANG_ENABLE_OBJC_WEAK = YES;
				CLANG_WARN_BLOCK_CAPTURE_AUTORELEASING = YES;
				CLANG_WARN_BOOL_CONVERSION = YES;
				CLANG_WARN_COMMA = YES;
				CLANG_WARN_CONSTANT_CONVERSION = YES;
				CLANG_WARN_DEPRECATED_OBJC_IMPLEMENTATIONS = YES;
				CLANG_WARN_DIRECT_OBJC_ISA_USAGE = YES_ERROR;
				CLANG_WARN_DOCUMENTATION_COMMENTS = YES;
				CLANG_WARN_EMPTY_BODY = YES;
				CLANG_WARN_ENUM_CONVERSION = YES;
				CLANG_WARN_INFINITE_RECURSION = YES;
				CLANG_WARN_INT_CONVERSION = YES;
				CLANG_WARN_NON_LITERAL_NULL_CONVERSION = YES;
				CLANG_WARN_OBJC_IMPLICIT_RETAIN_SELF = YES;
				CLANG_WARN_OBJC_LITERAL_CONVERSION = YES;
				CLANG_WARN_OBJC_ROOT_CLASS = YES_ERROR;
				CLANG_WARN_QUOTED_INCLUDE_IN_FRAMEWORK_HEADER = YES;
				CLANG_WARN_RANGE_LOOP_ANALYSIS = YES;
				CLANG_WARN_STRICT_PROTOTYPES = YES;
				CLANG_WARN_SUSPICIOUS_MOVE = YES;
				CLANG_WARN_UNGUARDED_AVAILABILITY = YES_AGGRESSIVE;
				CLANG_WARN_UNREACHABLE_CODE = YES;
				CLANG_WARN__DUPLICATE_METHOD_MATCH = YES;
				COPY_PHASE_STRIP = NO;
				DEBUG_INFORMATION_FORMAT = dwarf;
				ENABLE_STRICT_OBJC_MSGSEND = YES;
				ENABLE_TESTABILITY = YES;
				GCC_C_LANGUAGE_STANDARD = gnu11;
				GCC_DYNAMIC_NO_PIC = NO;
				GCC_NO_COMMON_BLOCKS = YES;
				GCC_OPTIMIZATION_LEVEL = 0;
				GCC_PREPROCESSOR_DEFINITIONS = (
					"DEBUG=1",
					"$(inherited)",
				);
				GCC_WARN_64_TO_32_BIT_CONVERSION = YES;
				GCC_WARN_ABOUT_RETURN_TYPE = YES_ERROR;
				GCC_WARN_UNDECLARED_SELECTOR = YES;
				GCC_WARN_UNINITIALIZED_AUTOS = YES_AGGRESSIVE;
				GCC_WARN_UNUSED_FUNCTION = YES;
				GCC_WARN_UNUSED_VARIABLE = YES;
				IPHONEOS_DEPLOYMENT_TARGET = 15.0;
				MTL_ENABLE_DEBUG_INFO = INCLUDE_SOURCE;
				MTL_FAST_MATH = YES;
				ONLY_ACTIVE_ARCH = YES;
				SDKROOT = iphoneos;
				SWIFT_ACTIVE_COMPILATION_CONDITIONS = DEBUG;
				SWIFT_OPTIMIZATION_LEVEL = "-Onone";
			};
			name = Debug;
		};
		394BA85C27E55EB00087F72A /* Release */ = {
			isa = XCBuildConfiguration;
			buildSettings = {
				ALWAYS_SEARCH_USER_PATHS = NO;
				CLANG_ANALYZER_NONNULL = YES;
				CLANG_ANALYZER_NUMBER_OBJECT_CONVERSION = YES_AGGRESSIVE;
				CLANG_CXX_LANGUAGE_STANDARD = "gnu++17";
				CLANG_CXX_LIBRARY = "libc++";
				CLANG_ENABLE_MODULES = YES;
				CLANG_ENABLE_OBJC_ARC = YES;
				CLANG_ENABLE_OBJC_WEAK = YES;
				CLANG_WARN_BLOCK_CAPTURE_AUTORELEASING = YES;
				CLANG_WARN_BOOL_CONVERSION = YES;
				CLANG_WARN_COMMA = YES;
				CLANG_WARN_CONSTANT_CONVERSION = YES;
				CLANG_WARN_DEPRECATED_OBJC_IMPLEMENTATIONS = YES;
				CLANG_WARN_DIRECT_OBJC_ISA_USAGE = YES_ERROR;
				CLANG_WARN_DOCUMENTATION_COMMENTS = YES;
				CLANG_WARN_EMPTY_BODY = YES;
				CLANG_WARN_ENUM_CONVERSION = YES;
				CLANG_WARN_INFINITE_RECURSION = YES;
				CLANG_WARN_INT_CONVERSION = YES;
				CLANG_WARN_NON_LITERAL_NULL_CONVERSION = YES;
				CLANG_WARN_OBJC_IMPLICIT_RETAIN_SELF = YES;
				CLANG_WARN_OBJC_LITERAL_CONVERSION = YES;
				CLANG_WARN_OBJC_ROOT_CLASS = YES_ERROR;
				CLANG_WARN_QUOTED_INCLUDE_IN_FRAMEWORK_HEADER = YES;
				CLANG_WARN_RANGE_LOOP_ANALYSIS = YES;
				CLANG_WARN_STRICT_PROTOTYPES = YES;
				CLANG_WARN_SUSPICIOUS_MOVE = YES;
				CLANG_WARN_UNGUARDED_AVAILABILITY = YES_AGGRESSIVE;
				CLANG_WARN_UNREACHABLE_CODE = YES;
				CLANG_WARN__DUPLICATE_METHOD_MATCH = YES;
				COPY_PHASE_STRIP = NO;
				DEBUG_INFORMATION_FORMAT = "dwarf-with-dsym";
				ENABLE_NS_ASSERTIONS = NO;
				ENABLE_STRICT_OBJC_MSGSEND = YES;
				GCC_C_LANGUAGE_STANDARD = gnu11;
				GCC_NO_COMMON_BLOCKS = YES;
				GCC_WARN_64_TO_32_BIT_CONVERSION = YES;
				GCC_WARN_ABOUT_RETURN_TYPE = YES_ERROR;
				GCC_WARN_UNDECLARED_SELECTOR = YES;
				GCC_WARN_UNINITIALIZED_AUTOS = YES_AGGRESSIVE;
				GCC_WARN_UNUSED_FUNCTION = YES;
				GCC_WARN_UNUSED_VARIABLE = YES;
				IPHONEOS_DEPLOYMENT_TARGET = 15.0;
				MTL_ENABLE_DEBUG_INFO = NO;
				MTL_FAST_MATH = YES;
				SDKROOT = iphoneos;
				SWIFT_COMPILATION_MODE = wholemodule;
				SWIFT_OPTIMIZATION_LEVEL = "-O";
				VALIDATE_PRODUCT = YES;
			};
			name = Release;
		};
		394BA85E27E55EB00087F72A /* Debug */ = {
			isa = XCBuildConfiguration;
			buildSettings = {
				ASSETCATALOG_COMPILER_APPICON_NAME = AppIcon;
				ASSETCATALOG_COMPILER_GLOBAL_ACCENT_COLOR_NAME = AccentColor;
				CODE_SIGN_STYLE = Automatic;
				CURRENT_PROJECT_VERSION = 1;
				DEVELOPMENT_ASSET_PATHS = "\"Mysql-CRUD-Operations/Preview Content\"";
				DEVELOPMENT_TEAM = M7GALQRWZ3;
				ENABLE_PREVIEWS = YES;
				GENERATE_INFOPLIST_FILE = YES;
				INFOPLIST_FILE = "Mysql-CRUD-Operations/Info.plist";
				INFOPLIST_KEY_UIApplicationSceneManifest_Generation = YES;
				INFOPLIST_KEY_UIApplicationSupportsIndirectInputEvents = YES;
				INFOPLIST_KEY_UILaunchScreen_Generation = YES;
				INFOPLIST_KEY_UISupportedInterfaceOrientations_iPad = "UIInterfaceOrientationPortrait UIInterfaceOrientationPortraitUpsideDown UIInterfaceOrientationLandscapeLeft UIInterfaceOrientationLandscapeRight";
				INFOPLIST_KEY_UISupportedInterfaceOrientations_iPhone = "UIInterfaceOrientationPortrait UIInterfaceOrientationLandscapeLeft UIInterfaceOrientationLandscapeRight";
				LD_RUNPATH_SEARCH_PATHS = (
					"$(inherited)",
					"@executable_path/Frameworks",
				);
				MARKETING_VERSION = 1.0;
				PRODUCT_BUNDLE_IDENTIFIER = "com.test.app-test-1.Mysql-CRUD-Operations";
				PRODUCT_NAME = "$(TARGET_NAME)";
				SWIFT_EMIT_LOC_STRINGS = YES;
				SWIFT_VERSION = 5.0;
				TARGETED_DEVICE_FAMILY = "1,2";
			};
			name = Debug;
		};
		394BA85F27E55EB00087F72A /* Release */ = {
			isa = XCBuildConfiguration;
			buildSettings = {
				ASSETCATALOG_COMPILER_APPICON_NAME = AppIcon;
				ASSETCATALOG_COMPILER_GLOBAL_ACCENT_COLOR_NAME = AccentColor;
				CODE_SIGN_STYLE = Automatic;
				CURRENT_PROJECT_VERSION = 1;
				DEVELOPMENT_ASSET_PATHS = "\"Mysql-CRUD-Operations/Preview Content\"";
				DEVELOPMENT_TEAM = M7GALQRWZ3;
				ENABLE_PREVIEWS = YES;
				GENERATE_INFOPLIST_FILE = YES;
				INFOPLIST_FILE = "Mysql-CRUD-Operations/Info.plist";
				INFOPLIST_KEY_UIApplicationSceneManifest_Generation = YES;
				INFOPLIST_KEY_UIApplicationSupportsIndirectInputEvents = YES;
				INFOPLIST_KEY_UILaunchScreen_Generation = YES;
				INFOPLIST_KEY_UISupportedInterfaceOrientations_iPad = "UIInterfaceOrientationPortrait UIInterfaceOrientationPortraitUpsideDown UIInterfaceOrientationLandscapeLeft UIInterfaceOrientationLandscapeRight";
				INFOPLIST_KEY_UISupportedInterfaceOrientations_iPhone = "UIInterfaceOrientationPortrait UIInterfaceOrientationLandscapeLeft UIInterfaceOrientationLandscapeRight";
				LD_RUNPATH_SEARCH_PATHS = (
					"$(inherited)",
					"@executable_path/Frameworks",
				);
				MARKETING_VERSION = 1.0;
				PRODUCT_BUNDLE_IDENTIFIER = "com.test.app-test-1.Mysql-CRUD-Operations";
				PRODUCT_NAME = "$(TARGET_NAME)";
				SWIFT_EMIT_LOC_STRINGS = YES;
				SWIFT_VERSION = 5.0;
				TARGETED_DEVICE_FAMILY = "1,2";
			};
			name = Release;
		};
		394BA86127E55EB00087F72A /* Debug */ = {
			isa = XCBuildConfiguration;
			buildSettings = {
				ALWAYS_EMBED_SWIFT_STANDARD_LIBRARIES = YES;
				BUNDLE_LOADER = "$(TEST_HOST)";
				CODE_SIGN_STYLE = Automatic;
				CURRENT_PROJECT_VERSION = 1;
				DEVELOPMENT_TEAM = M7GALQRWZ3;
				GENERATE_INFOPLIST_FILE = YES;
				IPHONEOS_DEPLOYMENT_TARGET = 15.0;
				LD_RUNPATH_SEARCH_PATHS = (
					"$(inherited)",
					"@executable_path/Frameworks",
					"@loader_path/Frameworks",
				);
				MARKETING_VERSION = 1.0;
				PRODUCT_BUNDLE_IDENTIFIER = "com.test.app-test-1.Mysql-CRUD-OperationsTests";
				PRODUCT_NAME = "$(TARGET_NAME)";
				SWIFT_EMIT_LOC_STRINGS = NO;
				SWIFT_VERSION = 5.0;
				TARGETED_DEVICE_FAMILY = "1,2";
				TEST_HOST = "$(BUILT_PRODUCTS_DIR)/Mysql-CRUD-Operations.app/Mysql-CRUD-Operations";
			};
			name = Debug;
		};
		394BA86227E55EB00087F72A /* Release */ = {
			isa = XCBuildConfiguration;
			buildSettings = {
				ALWAYS_EMBED_SWIFT_STANDARD_LIBRARIES = YES;
				BUNDLE_LOADER = "$(TEST_HOST)";
				CODE_SIGN_STYLE = Automatic;
				CURRENT_PROJECT_VERSION = 1;
				DEVELOPMENT_TEAM = M7GALQRWZ3;
				GENERATE_INFOPLIST_FILE = YES;
				IPHONEOS_DEPLOYMENT_TARGET = 15.0;
				LD_RUNPATH_SEARCH_PATHS = (
					"$(inherited)",
					"@executable_path/Frameworks",
					"@loader_path/Frameworks",
				);
				MARKETING_VERSION = 1.0;
				PRODUCT_BUNDLE_IDENTIFIER = "com.test.app-test-1.Mysql-CRUD-OperationsTests";
				PRODUCT_NAME = "$(TARGET_NAME)";
				SWIFT_EMIT_LOC_STRINGS = NO;
				SWIFT_VERSION = 5.0;
				TARGETED_DEVICE_FAMILY = "1,2";
				TEST_HOST = "$(BUILT_PRODUCTS_DIR)/Mysql-CRUD-Operations.app/Mysql-CRUD-Operations";
			};
			name = Release;
		};
		394BA86427E55EB00087F72A /* Debug */ = {
			isa = XCBuildConfiguration;
			buildSettings = {
				ALWAYS_EMBED_SWIFT_STANDARD_LIBRARIES = YES;
				CODE_SIGN_STYLE = Automatic;
				CURRENT_PROJECT_VERSION = 1;
				DEVELOPMENT_TEAM = M7GALQRWZ3;
				GENERATE_INFOPLIST_FILE = YES;
				LD_RUNPATH_SEARCH_PATHS = (
					"$(inherited)",
					"@executable_path/Frameworks",
					"@loader_path/Frameworks",
				);
				MARKETING_VERSION = 1.0;
				PRODUCT_BUNDLE_IDENTIFIER = "com.test.app-test-1.Mysql-CRUD-OperationsUITests";
				PRODUCT_NAME = "$(TARGET_NAME)";
				SWIFT_EMIT_LOC_STRINGS = NO;
				SWIFT_VERSION = 5.0;
				TARGETED_DEVICE_FAMILY = "1,2";
				TEST_TARGET_NAME = "Mysql-CRUD-Operations";
			};
			name = Debug;
		};
		394BA86527E55EB00087F72A /* Release */ = {
			isa = XCBuildConfiguration;
			buildSettings = {
				ALWAYS_EMBED_SWIFT_STANDARD_LIBRARIES = YES;
				CODE_SIGN_STYLE = Automatic;
				CURRENT_PROJECT_VERSION = 1;
				DEVELOPMENT_TEAM = M7GALQRWZ3;
				GENERATE_INFOPLIST_FILE = YES;
				LD_RUNPATH_SEARCH_PATHS = (
					"$(inherited)",
					"@executable_path/Frameworks",
					"@loader_path/Frameworks",
				);
				MARKETING_VERSION = 1.0;
				PRODUCT_BUNDLE_IDENTIFIER = "com.test.app-test-1.Mysql-CRUD-OperationsUITests";
				PRODUCT_NAME = "$(TARGET_NAME)";
				SWIFT_EMIT_LOC_STRINGS = NO;
				SWIFT_VERSION = 5.0;
				TARGETED_DEVICE_FAMILY = "1,2";
				TEST_TARGET_NAME = "Mysql-CRUD-Operations";
			};
			name = Release;
		};
/* End XCBuildConfiguration section */

/* Begin XCConfigurationList section */
		394BA83427E55EAE0087F72A /* Build configuration list for PBXProject "Mysql-CRUD-Operations" */ = {
			isa = XCConfigurationList;
			buildConfigurations = (
				394BA85B27E55EB00087F72A /* Debug */,
				394BA85C27E55EB00087F72A /* Release */,
			);
			defaultConfigurationIsVisible = 0;
			defaultConfigurationName = Release;
		};
		394BA85D27E55EB00087F72A /* Build configuration list for PBXNativeTarget "Mysql-CRUD-Operations" */ = {
			isa = XCConfigurationList;
			buildConfigurations = (
				394BA85E27E55EB00087F72A /* Debug */,
				394BA85F27E55EB00087F72A /* Release */,
			);
			defaultConfigurationIsVisible = 0;
			defaultConfigurationName = Release;
		};
		394BA86027E55EB00087F72A /* Build configuration list for PBXNativeTarget "Mysql-CRUD-OperationsTests" */ = {
			isa = XCConfigurationList;
			buildConfigurations = (
				394BA86127E55EB00087F72A /* Debug */,
				394BA86227E55EB00087F72A /* Release */,
			);
			defaultConfigurationIsVisible = 0;
			defaultConfigurationName = Release;
		};
		394BA86327E55EB00087F72A /* Build configuration list for PBXNativeTarget "Mysql-CRUD-OperationsUITests" */ = {
			isa = XCConfigurationList;
			buildConfigurations = (
				394BA86427E55EB00087F72A /* Debug */,
				394BA86527E55EB00087F72A /* Release */,
			);
			defaultConfigurationIsVisible = 0;
			defaultConfigurationName = Release;
		};
/* End XCConfigurationList section */
	};
	rootObject = 394BA83127E55EAE0087F72A /* Project object */;
}
